{
  "name": "jio",
  "version": "v3.35.0",
  "lockfileVersion": 1,
  "requires": true,
  "dependencies": {
    "JSONSelect": {
      "version": "0.4.0",
      "resolved": "https://registry.npmjs.org/JSONSelect/-/JSONSelect-0.4.0.tgz",
      "integrity": "sha1-oI7cxn6z/L6Z7WMIVTRKDPKCu40=",
      "dev": true
    },
    "JSV": {
      "version": "4.0.2",
      "resolved": "https://registry.npmjs.org/JSV/-/JSV-4.0.2.tgz",
      "integrity": "sha1-0Hf2glVx+CEy+d/67Vh7QCn+/1c=",
      "dev": true
    },
    "abbrev": {
      "version": "1.0.9",
      "resolved": "https://registry.npmjs.org/abbrev/-/abbrev-1.0.9.tgz",
      "integrity": "sha1-kbR5JYinc4wl813W9jdSovh3YTU=",
      "dev": true
    },
    "amdefine": {
      "version": "1.0.1",
      "resolved": "https://registry.npmjs.org/amdefine/-/amdefine-1.0.1.tgz",
      "integrity": "sha1-SlKCrBZHKek2Gbz9OtFR+BfOkfU=",
      "dev": true,
      "optional": true
    },
    "argparse": {
      "version": "1.0.10",
      "resolved": "https://registry.npmjs.org/argparse/-/argparse-1.0.10.tgz",
      "integrity": "sha512-o5Roy6tNG4SL/FOkCAN6RzjiakZS25RLYFrcMttJqbdd8BWrnA+fGz57iN5Pb06pvBGvl5gQ0B48dJlslXvoTg==",
      "dev": true,
      "optional": true,
      "requires": {
        "sprintf-js": "~1.0.2"
      }
    },
    "argsparser": {
      "version": "0.0.6",
      "resolved": "https://registry.npmjs.org/argsparser/-/argsparser-0.0.6.tgz",
      "integrity": "sha1-/0XrW5LABCJc8UalHTOdzLJlvmM=",
      "dev": true
    },
    "async": {
      "version": "0.2.10",
      "resolved": "https://registry.npmjs.org/async/-/async-0.2.10.tgz",
      "integrity": "sha1-trvgsGdLnXGXCMo43owjfLUmw9E=",
      "dev": true,
      "optional": true
    },
    "asynckit": {
      "version": "0.4.0",
      "resolved": "https://registry.npmjs.org/asynckit/-/asynckit-0.4.0.tgz",
      "integrity": "sha1-x57Zf380y48robyXkLzDZkdLS3k="
    },
    "balanced-match": {
      "version": "1.0.0",
      "resolved": "https://registry.npmjs.org/balanced-match/-/balanced-match-1.0.0.tgz",
      "integrity": "sha1-ibTRmasr7kneFk6gK4nORi1xt2c=",
      "dev": true
    },
    "brace-expansion": {
      "version": "1.1.11",
      "resolved": "https://registry.npmjs.org/brace-expansion/-/brace-expansion-1.1.11.tgz",
      "integrity": "sha512-iCuPHDFgrHX7H2vEI/5xpz07zSHB00TpugqhmYtVmMO6518mCuRMoOYFldEBl0g187ufozdaHgWKcYFb61qGiA==",
      "dev": true,
      "requires": {
        "balanced-match": "^1.0.0",
        "concat-map": "0.0.1"
      }
    },
    "buster-core": {
      "version": "0.6.4",
      "resolved": "https://registry.npmjs.org/buster-core/-/buster-core-0.6.4.tgz",
      "integrity": "sha1-J79rrWdCROpyDzEdkAoMoct4YFA=",
      "dev": true
    },
    "buster-format": {
      "version": "0.5.6",
      "resolved": "https://registry.npmjs.org/buster-format/-/buster-format-0.5.6.tgz",
      "integrity": "sha1-K4bDIuz14bCubm55Bev884fSq5U=",
      "dev": true,
      "requires": {
        "buster-core": "=0.6.4"
      }
    },
    "cjson": {
      "version": "0.3.0",
      "resolved": "https://registry.npmjs.org/cjson/-/cjson-0.3.0.tgz",
      "integrity": "sha1-5kObkHA9MS/24iJAl76pLOPQKhQ=",
      "dev": true,
      "requires": {
        "jsonlint": "1.6.0"
      }
    },
    "cli-table": {
      "version": "0.3.1",
      "resolved": "https://registry.npmjs.org/cli-table/-/cli-table-0.3.1.tgz",
      "integrity": "sha1-9TsFJmqLGguTSz0IIebi3FkUriM=",
      "dev": true,
      "requires": {
        "colors": "1.0.3"
      }
    },
    "co": {
      "version": "3.1.0",
      "resolved": "https://registry.npmjs.org/co/-/co-3.1.0.tgz",
      "integrity": "sha1-TqVOpaCJOBUxheFSEMaNkJK8G3g=",
      "dev": true
    },
    "colors": {
      "version": "1.0.3",
      "resolved": "https://registry.npmjs.org/colors/-/colors-1.0.3.tgz",
      "integrity": "sha1-BDP0TYCWgP3rYO0mDxsMJi6CpAs=",
      "dev": true
    },
    "combined-stream": {
      "version": "1.0.6",
      "resolved": "https://registry.npmjs.org/combined-stream/-/combined-stream-1.0.6.tgz",
      "integrity": "sha1-cj599ugBrFYTETp+RFqbactjKBg=",
      "requires": {
        "delayed-stream": "~1.0.0"
      }
    },
    "concat-map": {
      "version": "0.0.1",
      "resolved": "https://registry.npmjs.org/concat-map/-/concat-map-0.0.1.tgz",
      "integrity": "sha1-2Klr13/Wjfd5OnMDajug1UBdR3s=",
      "dev": true
    },
    "core-util-is": {
      "version": "1.0.2",
      "resolved": "https://registry.npmjs.org/core-util-is/-/core-util-is-1.0.2.tgz",
      "integrity": "sha1-tf1UIgqivFq1eqtxQMlAdUUDwac=",
      "dev": true
    },
    "delayed-stream": {
      "version": "1.0.0",
      "resolved": "https://registry.npmjs.org/delayed-stream/-/delayed-stream-1.0.0.tgz",
      "integrity": "sha1-3zrhmayt+31ECqrgsp4icrJOxhk="
    },
    "ebnf-parser": {
      "version": "0.1.10",
      "resolved": "https://registry.npmjs.org/ebnf-parser/-/ebnf-parser-0.1.10.tgz",
      "integrity": "sha1-zR9rpHfFY4xAyX7ZtXLbW6tdgzE=",
      "dev": true
    },
    "escodegen": {
      "version": "1.2.0",
      "resolved": "https://registry.npmjs.org/escodegen/-/escodegen-1.2.0.tgz",
      "integrity": "sha1-Cd55Z3kcyVi3+Jot220jRRrzJ+E=",
      "dev": true,
      "optional": true,
      "requires": {
        "esprima": "~1.0.4",
        "estraverse": "~1.5.0",
        "esutils": "~1.0.0",
        "source-map": "~0.1.30"
      },
      "dependencies": {
        "esprima": {
          "version": "1.0.4",
          "resolved": "https://registry.npmjs.org/esprima/-/esprima-1.0.4.tgz",
          "integrity": "sha1-n1V+CPw7TSbs6d00+Pv0drYlha0=",
          "dev": true,
          "optional": true
        }
      }
    },
    "esprima": {
      "version": "git://github.com/ariya/esprima.git#a65a3eb93b9a5dce9a1184ca2d1bd0b184c6b8fd",
      "from": "git://github.com/ariya/esprima.git#harmony",
      "dev": true,
      "optional": true
    },
    "estraverse": {
      "version": "1.5.1",
      "resolved": "https://registry.npmjs.org/estraverse/-/estraverse-1.5.1.tgz",
      "integrity": "sha1-hno+jlip+EYYr7bC3bzZFrfLr3E=",
      "dev": true
    },
    "esutils": {
      "version": "1.0.0",
      "resolved": "https://registry.npmjs.org/esutils/-/esutils-1.0.0.tgz",
      "integrity": "sha1-gVHTWOIMisx/t0XnRywAJf5JZXA=",
      "dev": true
    },
    "exit": {
      "version": "0.1.2",
      "resolved": "https://registry.npmjs.org/exit/-/exit-0.1.2.tgz",
      "integrity": "sha1-BjJjj42HfMghB9MKD/8aF8uhzQw=",
      "dev": true
    },
    "fileset": {
      "version": "0.1.8",
      "resolved": "https://registry.npmjs.org/fileset/-/fileset-0.1.8.tgz",
      "integrity": "sha1-UGuRqTluqn4y+0KoQHfHoMc2t0E=",
      "dev": true,
      "optional": true,
      "requires": {
        "glob": "3.x",
        "minimatch": "0.x"
      },
      "dependencies": {
        "minimatch": {
          "version": "0.4.0",
          "resolved": "https://registry.npmjs.org/minimatch/-/minimatch-0.4.0.tgz",
          "integrity": "sha1-vSx9Bg0sjI/Xzefx8u0tWycP2xs=",
          "dev": true,
          "optional": true,
          "requires": {
            "lru-cache": "2",
            "sigmund": "~1.0.0"
          }
        }
      }
    },
    "form-data": {
      "version": "2.3.2",
      "resolved": "https://registry.npmjs.org/form-data/-/form-data-2.3.2.tgz",
      "integrity": "sha1-SXBJi+YEwgwAXU9cI67NIda0kJk=",
      "requires": {
        "asynckit": "^0.4.0",
        "combined-stream": "1.0.6",
        "mime-types": "^2.1.12"
      }
    },
    "glob": {
      "version": "3.2.11",
      "resolved": "https://registry.npmjs.org/glob/-/glob-3.2.11.tgz",
      "integrity": "sha1-Spc/Y1uRkPcV0QmH1cAP0oFevj0=",
      "dev": true,
      "optional": true,
      "requires": {
        "inherits": "2",
        "minimatch": "0.3"
      },
      "dependencies": {
        "minimatch": {
          "version": "0.3.0",
          "resolved": "https://registry.npmjs.org/minimatch/-/minimatch-0.3.0.tgz",
          "integrity": "sha1-J12O2qxPG7MyZHIInnlJyDlGmd0=",
          "dev": true,
          "optional": true,
          "requires": {
            "lru-cache": "2",
            "sigmund": "~1.0.0"
          }
        }
      }
    },
    "handlebars": {
      "version": "1.3.0",
      "resolved": "https://registry.npmjs.org/handlebars/-/handlebars-1.3.0.tgz",
      "integrity": "sha1-npsTCpPjiUkTItl1zz7BgYw3zjQ=",
      "dev": true,
      "optional": true,
      "requires": {
        "optimist": "~0.3",
        "uglify-js": "~2.3"
      }
    },
    "inflight": {
      "version": "1.0.6",
      "resolved": "https://registry.npmjs.org/inflight/-/inflight-1.0.6.tgz",
      "integrity": "sha1-Sb1jMdfQLQwJvJEKEHW6gWW1bfk=",
      "dev": true,
      "requires": {
        "once": "^1.3.0",
        "wrappy": "1"
      }
    },
    "inherits": {
      "version": "2.0.3",
      "resolved": "https://registry.npmjs.org/inherits/-/inherits-2.0.3.tgz",
      "integrity": "sha1-Yzwsg+PaQqUC9SRmAiSA9CCCYd4=",
      "dev": true
    },
    "isarray": {
      "version": "0.0.1",
      "resolved": "https://registry.npmjs.org/isarray/-/isarray-0.0.1.tgz",
      "integrity": "sha1-ihis/Kmo9Bd+Cav8YDiTmwXR7t8=",
      "dev": true
    },
    "istanbul": {
      "version": "https://github.com/gotwarlost/istanbul/tarball/harmony",
      "integrity": "sha512-dL911zYut7woVvWePvbFMbO/mmRYjCfaiYXsgGivz6aF/BGuFb1cSwyTeFtAx23IIWwxR08n8Bb4szRJ65dilw==",
      "dev": true,
      "optional": true,
      "requires": {
        "abbrev": "1.0.x",
        "async": "0.2.x",
        "escodegen": "1.2.x",
        "esprima": "git://github.com/ariya/esprima.git#a65a3eb93b9a5dce9a1184ca2d1bd0b184c6b8fd",
        "fileset": "0.1.x",
        "handlebars": "1.3.x",
        "js-yaml": "3.x",
        "mkdirp": "0.3.x",
        "nopt": "2.2.x",
        "resolve": "0.6.x",
        "which": "1.0.x",
        "wordwrap": "0.0.x"
      },
      "dependencies": {
        "nopt": {
          "version": "2.2.1",
          "resolved": "https://registry.npmjs.org/nopt/-/nopt-2.2.1.tgz",
          "integrity": "sha1-KqCbfRdoSHs7ianFqlIzW/8Lrqc=",
          "dev": true,
          "optional": true,
          "requires": {
            "abbrev": "1"
          }
        }
      }
    },
    "jison": {
      "version": "0.4.16",
      "resolved": "https://registry.npmjs.org/jison/-/jison-0.4.16.tgz",
      "integrity": "sha1-EzcQP1lJ8O1xWTmUJohc4QzBYLU=",
      "dev": true,
      "requires": {
        "JSONSelect": "0.4.0",
        "cjson": "0.3.0",
        "ebnf-parser": "0.1.10",
        "escodegen": "1.3.x",
        "esprima": "1.1.x",
        "jison-lex": "0.3.x",
        "lex-parser": "~0.1.3",
        "nomnom": "1.5.2"
      },
      "dependencies": {
        "escodegen": {
          "version": "1.3.3",
          "resolved": "https://registry.npmjs.org/escodegen/-/escodegen-1.3.3.tgz",
          "integrity": "sha1-8CQBb1qI4Eb9EgBQVek5gC5sXyM=",
          "dev": true,
          "requires": {
            "esprima": "~1.1.1",
            "estraverse": "~1.5.0",
            "esutils": "~1.0.0",
            "source-map": "~0.1.33"
          }
        },
        "esprima": {
          "version": "1.1.1",
          "resolved": "https://registry.npmjs.org/esprima/-/esprima-1.1.1.tgz",
          "integrity": "sha1-W28VR/TRAuZw4UDFCb5ncdautUk=",
          "dev": true
        }
      }
    },
    "jison-lex": {
      "version": "0.3.4",
      "resolved": "https://registry.npmjs.org/jison-lex/-/jison-lex-0.3.4.tgz",
      "integrity": "sha1-gcoo2E+ESZ36jFlNzePYo/Jux6U=",
      "dev": true,
      "requires": {
        "lex-parser": "0.1.x",
        "nomnom": "1.5.2"
      }
    },
    "js-yaml": {
      "version": "3.12.0",
      "resolved": "https://registry.npmjs.org/js-yaml/-/js-yaml-3.12.0.tgz",
      "integrity": "sha512-PIt2cnwmPfL4hKNwqeiuz4bKfnzHTBv6HyVgjahA6mPLwPDzjDWrplJBMjHUFxku/N3FlmrbyPclad+I+4mJ3A==",
      "dev": true,
      "optional": true,
      "requires": {
        "argparse": "^1.0.7",
        "esprima": "^4.0.0"
      },
      "dependencies": {
        "esprima": {
          "version": "4.0.1",
          "resolved": "https://registry.npmjs.org/esprima/-/esprima-4.0.1.tgz",
          "integrity": "sha512-eGuFFw7Upda+g4p+QHvnW0RyTX/SVeJBDM/gCtMARO0cLuT2HcEKnTPvhjV6aGeqrCB/sbNop0Kszm0jsaWU4A==",
          "dev": true,
          "optional": true
        }
      }
    },
    "jslint": {
      "version": "0.9.8",
      "resolved": "https://registry.npmjs.org/jslint/-/jslint-0.9.8.tgz",
      "integrity": "sha1-uSyoXKhtaoKXchCO6RnshJ3EsSk=",
      "dev": true,
      "requires": {
        "exit": "~0.1.2",
        "glob": "^4.3.5",
        "nopt": "~3.0.1",
        "readable-stream": "~1.0.31"
      },
      "dependencies": {
        "glob": {
          "version": "4.5.3",
          "resolved": "https://registry.npmjs.org/glob/-/glob-4.5.3.tgz",
          "integrity": "sha1-xstz0yJsHv7wTePFbQEvAzd+4V8=",
          "dev": true,
          "requires": {
            "inflight": "^1.0.4",
            "inherits": "2",
            "minimatch": "^2.0.1",
            "once": "^1.3.0"
          }
        }
      }
    },
    "jsonlint": {
      "version": "1.6.0",
      "resolved": "https://registry.npmjs.org/jsonlint/-/jsonlint-1.6.0.tgz",
      "integrity": "sha1-iKpGvCiaesk7tGyuLVihh6m7SUo=",
      "dev": true,
      "requires": {
        "JSV": ">= 4.0.x",
        "nomnom": ">= 1.5.x"
      }
    },
    "lex-parser": {
      "version": "0.1.4",
      "resolved": "https://registry.npmjs.org/lex-parser/-/lex-parser-0.1.4.tgz",
      "integrity": "sha1-ZMTwJfF/1Tv7RXY/rrFvAVp0dVA=",
      "dev": true
    },
    "lru-cache": {
      "version": "2.7.3",
      "resolved": "https://registry.npmjs.org/lru-cache/-/lru-cache-2.7.3.tgz",
      "integrity": "sha1-bUUk6LlV+V1PW1iFHOId1y+06VI=",
      "dev": true
    },
    "mime-db": {
      "version": "1.35.0",
      "resolved": "https://registry.npmjs.org/mime-db/-/mime-db-1.35.0.tgz",
      "integrity": "sha512-JWT/IcCTsB0Io3AhWUMjRqucrHSPsSf2xKLaRldJVULioggvkJvggZ3VXNNSRkCddE6D+BUI4HEIZIA2OjwIvg=="
    },
    "mime-types": {
      "version": "2.1.19",
      "resolved": "https://registry.npmjs.org/mime-types/-/mime-types-2.1.19.tgz",
      "integrity": "sha512-P1tKYHVSZ6uFo26mtnve4HQFE3koh1UWVkp8YUC+ESBHe945xWSoXuHHiGarDqcEZ+whpCDnlNw5LON0kLo+sw==",
      "requires": {
        "mime-db": "~1.35.0"
      }
    },
    "minimatch": {
      "version": "2.0.10",
      "resolved": "https://registry.npmjs.org/minimatch/-/minimatch-2.0.10.tgz",
      "integrity": "sha1-jQh8OcazjAAbl/ynzm0OHoCvusc=",
      "dev": true,
      "requires": {
        "brace-expansion": "^1.0.0"
      }
    },
    "mkdirp": {
      "version": "0.3.5",
      "resolved": "http://registry.npmjs.org/mkdirp/-/mkdirp-0.3.5.tgz",
      "integrity": "sha1-3j5fiWHIjHh+4TaN+EmsRBPsqNc=",
      "dev": true,
      "optional": true
    },
    "moment": {
      "version": "2.21.0",
      "resolved": "https://registry.npmjs.org/moment/-/moment-2.21.0.tgz",
      "integrity": "sha512-TCZ36BjURTeFTM/CwRcViQlfkMvL1/vFISuNLO5GkcVm1+QHfbSiNqZuWeMFjj1/3+uAjXswgRk30j1kkLYJBQ=="
    },
    "nomnom": {
      "version": "1.5.2",
      "resolved": "https://registry.npmjs.org/nomnom/-/nomnom-1.5.2.tgz",
      "integrity": "sha1-9DRUSKhTz71cDSYyDyR3qwUm/i8=",
      "dev": true,
      "requires": {
        "colors": "0.5.x",
        "underscore": "1.1.x"
      },
      "dependencies": {
        "colors": {
          "version": "0.5.1",
          "resolved": "https://registry.npmjs.org/colors/-/colors-0.5.1.tgz",
          "integrity": "sha1-fQAj6usVTo7p/Oddy5I9DtFmd3Q=",
          "dev": true
        },
        "underscore": {
          "version": "1.1.7",
          "resolved": "https://registry.npmjs.org/underscore/-/underscore-1.1.7.tgz",
          "integrity": "sha1-QLq4S60Z0jAJbo1u9ii/8FXYPbA=",
          "dev": true
        }
      }
    },
    "nopt": {
      "version": "3.0.6",
      "resolved": "https://registry.npmjs.org/nopt/-/nopt-3.0.6.tgz",
      "integrity": "sha1-xkZdvwirzU2zWTF/eaxopkayj/k=",
      "dev": true,
      "requires": {
        "abbrev": "1"
      }
    },
    "once": {
      "version": "1.4.0",
      "resolved": "https://registry.npmjs.org/once/-/once-1.4.0.tgz",
      "integrity": "sha1-WDsap3WWHUsROsF9nFC6753Xa9E=",
      "dev": true,
      "requires": {
        "wrappy": "1"
      }
    },
    "optimist": {
      "version": "0.3.7",
      "resolved": "https://registry.npmjs.org/optimist/-/optimist-0.3.7.tgz",
      "integrity": "sha1-yQlBrVnkJzMokjB00s8ufLxuwNk=",
      "dev": true,
      "optional": true,
      "requires": {
        "wordwrap": "~0.0.2"
      }
    },
    "qunit": {
      "version": "git://github.com/qunitjs/node-qunit.git#1b46c14629ab2892d4caf3461021232df76d211e",
      "from": "git://github.com/qunitjs/node-qunit.git#v0.9.3",
      "dev": true,
      "requires": {
        "argsparser": "^0.0.6",
        "cli-table": "^0.3.0",
        "co": "^3.0.6",
        "istanbul": "https://github.com/gotwarlost/istanbul/tarball/harmony",
        "qunitjs": "1.23.1",
        "tracejs": "^0.1.8",
        "underscore": "^1.6.0"
      }
    },
    "qunitjs": {
      "version": "1.23.1",
      "resolved": "https://registry.npmjs.org/qunitjs/-/qunitjs-1.23.1.tgz",
      "integrity": "sha1-GXHPl6yb4Bpk0jFVCNLkjm/U5xk=",
      "dev": true
    },
    "readable-stream": {
      "version": "1.0.34",
      "resolved": "https://registry.npmjs.org/readable-stream/-/readable-stream-1.0.34.tgz",
      "integrity": "sha1-Elgg40vIQtLyqq+v5MKRbuMsFXw=",
      "dev": true,
      "requires": {
        "core-util-is": "~1.0.0",
        "inherits": "~2.0.1",
        "isarray": "0.0.1",
        "string_decoder": "~0.10.x"
      }
    },
    "resolve": {
      "version": "0.6.3",
      "resolved": "https://registry.npmjs.org/resolve/-/resolve-0.6.3.tgz",
      "integrity": "sha1-3ZV5gufnNt699TtYpN2RdUV13UY=",
      "dev": true,
      "optional": true
    },
    "rsvp": {
      "version": "git+https://lab.nexedi.com/nexedi/rsvp.js.git#cde40f5c0eab3167964423cc6030fac080ea46c4",
      "from": "git+https://lab.nexedi.com/nexedi/rsvp.js.git"
    },
    "rusha": {
      "version": "0.8.2",
      "resolved": "https://registry.npmjs.org/rusha/-/rusha-0.8.2.tgz",
      "integrity": "sha1-BfMZbfN7FmvAgNsbvWnITWT6HB8="
    },
    "sigmund": {
      "version": "1.0.1",
      "resolved": "https://registry.npmjs.org/sigmund/-/sigmund-1.0.1.tgz",
      "integrity": "sha1-P/IfGYytIXX587eBhT/ZTQ0ZtZA=",
      "dev": true
    },
    "sinon": {
      "version": "1.7.3",
      "resolved": "https://registry.npmjs.org/sinon/-/sinon-1.7.3.tgz",
      "integrity": "sha1-emnWnNApRYbHQyVO7/G1g6UJl/I=",
      "dev": true,
      "requires": {
        "buster-format": "~0.5"
      }
    },
    "source-map": {
      "version": "0.1.43",
      "resolved": "https://registry.npmjs.org/source-map/-/source-map-0.1.43.tgz",
      "integrity": "sha1-wkvBRspRfBRx9drL4lcbK3+eM0Y=",
      "dev": true,
      "optional": true,
      "requires": {
        "amdefine": ">=0.0.4"
      }
    },
    "sprintf-js": {
      "version": "1.0.3",
      "resolved": "https://registry.npmjs.org/sprintf-js/-/sprintf-js-1.0.3.tgz",
      "integrity": "sha1-BOaSb2YolTVPPdAVIDYzuFcpfiw=",
      "dev": true,
      "optional": true
    },
    "string_decoder": {
      "version": "0.10.31",
      "resolved": "https://registry.npmjs.org/string_decoder/-/string_decoder-0.10.31.tgz",
      "integrity": "sha1-YuIDvEF2bGwoyfyEMB2rHFMQ+pQ=",
      "dev": true
    },
    "tracejs": {
      "version": "0.1.8",
      "resolved": "https://registry.npmjs.org/tracejs/-/tracejs-0.1.8.tgz",
      "integrity": "sha1-bCZ4exhT8TcWNGIsHIC8RAJsXXA=",
      "dev": true
    },
    "uglify-js": {
      "version": "2.3.6",
      "resolved": "https://registry.npmjs.org/uglify-js/-/uglify-js-2.3.6.tgz",
      "integrity": "sha1-+gmEdwtCi3qbKoBY9GNV0U/vIRo=",
      "dev": true,
      "optional": true,
      "requires": {
        "async": "~0.2.6",
        "optimist": "~0.3.5",
        "source-map": "~0.1.7"
      }
    },
    "underscore": {
      "version": "1.9.1",
      "resolved": "https://registry.npmjs.org/underscore/-/underscore-1.9.1.tgz",
      "integrity": "sha512-5/4etnCkd9c8gwgowi5/om/mYO5ajCaOgdzj/oW+0eQV9WxKBDZw5+ycmKmeaTXjInS/W0BzpGLo2xR2aBwZdg==",
      "dev": true
    },
    "urijs": {
      "version": "1.19.1",
      "resolved": "https://registry.npmjs.org/urijs/-/urijs-1.19.1.tgz",
      "integrity": "sha512-xVrGVi94ueCJNrBSTjWqjvtgvl3cyOTThp2zaMaFNGp3F542TR6sM3f2o8RqZl+AwteClSVmoCyt0ka4RjQOQg=="
    },
    "uritemplate": {
      "version": "git+https://lab.nexedi.com/nexedi/uritemplate-js.git#69c0af3da5299ac216a0d437fac6dd621ccf9af8",
      "from": "git+https://lab.nexedi.com/nexedi/uritemplate-js.git"
    },
    "which": {
      "version": "1.0.9",
      "resolved": "https://registry.npmjs.org/which/-/which-1.0.9.tgz",
      "integrity": "sha1-RgwdoPgQED0DIam2M6+eV15kSG8=",
      "dev": true,
      "optional": true
    },
    "wordwrap": {
      "version": "0.0.3",
      "resolved": "https://registry.npmjs.org/wordwrap/-/wordwrap-0.0.3.tgz",
      "integrity": "sha1-o9XabNXAvAAI03I0u68b7WMFkQc=",
      "dev": true
    },
    "wrappy": {
      "version": "1.0.2",
      "resolved": "https://registry.npmjs.org/wrappy/-/wrappy-1.0.2.tgz",
      "integrity": "sha1-tSQ9jz7BqjXxNkYFvA0QNuMKtp8=",
      "dev": true
    },
    "xhr2": {
      "version": "git+https://github.com/clearroad/node-xhr2.git#5f8895ab8962c6b6664f4f2b88db0eac001d54e0",
      "from": "git+https://github.com/clearroad/node-xhr2.git",
      "requires": {
        "form-data": "^2.3.2"
      }
    }
  }
}
